
Microsoft Visual Studio Solution File, Format Version 12.00
# Visual Studio 14
VisualStudioVersion = 14.0.25420.1
MinimumVisualStudioVersion = 10.0.40219.1
Project("{FAE04EC0-301F-11D3-BF4B-00C04F79EFBC}") = "TestWebsite1", "TestWebsite1\TestWebsite1.csproj", "{69B29684-5E67-4C76-8550-F396EA6CE9F1}"
EndProject
Project("{FAE04EC0-301F-11D3-BF4B-00C04F79EFBC}") = "TestWebsite2", "TestWebsite2\TestWebsite2.csproj", "{47486119-04B9-4A9E-B10E-A1B8F60BC7A0}"
EndProject
Global
	GlobalSection(SolutionConfigurationPlatforms) = preSolution
		Debug|Any CPU = Debug|Any CPU
		Release|Any CPU = Release|Any CPU
	EndGlobalSection
	GlobalSection(ProjectConfigurationPlatforms) = postSolution
		{69B29684-5E67-4C76-8550-F396EA6CE9F1}.Debug|Any CPU.ActiveCfg = Debug|Any CPU
		{69B29684-5E67-4C76-8550-F396EA6CE9F1}.Debug|Any CPU.Build.0 = Debug|Any CPU
		{69B29684-5E67-4C76-8550-F396EA6CE9F1}.Release|Any CPU.ActiveCfg = Release|Any CPU
		{69B29684-5E67-4C76-8550-F396EA6CE9F1}.Release|Any CPU.Build.0 = Release|Any CPU
		{47486119-04B9-4A9E-B10E-A1B8F60BC7A0}.Debug|Any CPU.ActiveCfg = Debug|Any CPU
		{47486119-04B9-4A9E-B10E-A1B8F60BC7A0}.Debug|Any CPU.Build.0 = Debug|Any CPU
		{47486119-04B9-4A9E-B10E-A1B8F60BC7A0}.Release|Any CPU.ActiveCfg = Release|Any CPU
		{47486119-04B9-4A9E-B10E-A1B8F60BC7A0}.Release|Any CPU.Build.0 = Release|Any CPU
	EndGlobalSection
	GlobalSection(SolutionProperties) = preSolution
		HideSolutionNode = FALSE
	EndGlobalSection
EndGlobal
